// !$*UTF8*$!
{
	archiveVersion = 1;
	classes = {
	};
	objectVersion = 48;
	objects = {

/* Begin PBXBuildFile section */
		0F052EF320542B42003A4B16 /* DealView.m in Sources */ = {isa = PBXBuildFile; fileRef = 0F052EF220542B42003A4B16 /* DealView.m */; };
		0F052F25205436D4003A4B16 /* cartool in Resources */ = {isa = PBXBuildFile; fileRef = 0F052F24205436D4003A4B16 /* cartool */; };
		0F0AAB952052FFF20056085A /* AppDelegate.m in Sources */ = {isa = PBXBuildFile; fileRef = 0F0AAB942052FFF20056085A /* AppDelegate.m */; };
		0F0AAB982052FFF20056085A /* ViewController.m in Sources */ = {isa = PBXBuildFile; fileRef = 0F0AAB972052FFF20056085A /* ViewController.m */; };
		0F0AAB9A2052FFF20056085A /* Assets.xcassets in Resources */ = {isa = PBXBuildFile; fileRef = 0F0AAB992052FFF20056085A /* Assets.xcassets */; };
		0F0AAB9D2052FFF20056085A /* Main.storyboard in Resources */ = {isa = PBXBuildFile; fileRef = 0F0AAB9B2052FFF20056085A /* Main.storyboard */; };
		0F0AABA02052FFF20056085A /* main.m in Sources */ = {isa = PBXBuildFile; fileRef = 0F0AAB9F2052FFF20056085A /* main.m */; };
		0F0FD3032090A04200DF9C4C /* icon.png in Resources */ = {isa = PBXBuildFile; fileRef = 0F0FD3012090A04200DF9C4C /* icon.png */; };
		0F0FD3042090A04200DF9C4C /* AppIcon.sh in Resources */ = {isa = PBXBuildFile; fileRef = 0F0FD3022090A04200DF9C4C /* AppIcon.sh */; };
		0F0FD3072090A05200DF9C4C /* AppLaunch.sh in Resources */ = {isa = PBXBuildFile; fileRef = 0F0FD3052090A05200DF9C4C /* AppLaunch.sh */; };
		0F0FD3082090A05200DF9C4C /* default.png in Resources */ = {isa = PBXBuildFile; fileRef = 0F0FD3062090A05200DF9C4C /* default.png */; };
/* End PBXBuildFile section */

/* Begin PBXFileReference section */
		0F052EF120542B42003A4B16 /* DealView.h */ = {isa = PBXFileReference; lastKnownFileType = sourcecode.c.h; path = DealView.h; sourceTree = "<group>"; };
		0F052EF220542B42003A4B16 /* DealView.m */ = {isa = PBXFileReference; lastKnownFileType = sourcecode.c.objc; path = DealView.m; sourceTree = "<group>"; };
		0F052F24205436D4003A4B16 /* cartool */ = {isa = PBXFileReference; lastKnownFileType = "compiled.mach-o.executable"; path = cartool; sourceTree = "<group>"; };
		0F052F2620556B60003A4B16 /* LCAssetsTool.entitlements */ = {isa = PBXFileReference; lastKnownFileType = text.plist.entitlements; path = LCAssetsTool.entitlements; sourceTree = "<group>"; };
		0F0AAB902052FFF20056085A /* LCAssetsTool.app */ = {isa = PBXFileReference; explicitFileType = wrapper.application; includeInIndex = 0; path = LCAssetsTool.app; sourceTree = BUILT_PRODUCTS_DIR; };
		0F0AAB932052FFF20056085A /* AppDelegate.h */ = {isa = PBXFileReference; lastKnownFileType = sourcecode.c.h; path = AppDelegate.h; sourceTree = "<group>"; };
		0F0AAB942052FFF20056085A /* AppDelegate.m */ = {isa = PBXFileReference; lastKnownFileType = sourcecode.c.objc; path = AppDelegate.m; sourceTree = "<group>"; };
		0F0AAB962052FFF20056085A /* ViewController.h */ = {isa = PBXFileReference; lastKnownFileType = sourcecode.c.h; path = ViewController.h; sourceTree = "<group>"; };
		0F0AAB972052FFF20056085A /* ViewController.m */ = {isa = PBXFileReference; lastKnownFileType = sourcecode.c.objc; path = ViewController.m; sourceTree = "<group>"; };
		0F0AAB992052FFF20056085A /* Assets.xcassets */ = {isa = PBXFileReference; lastKnownFileType = folder.assetcatalog; path = Assets.xcassets; sourceTree = "<group>"; };
		0F0AAB9C2052FFF20056085A /* Base */ = {isa = PBXFileReference; lastKnownFileType = file.storyboard; name = Base; path = Base.lproj/Main.storyboard; sourceTree = "<group>"; };
		0F0AAB9E2052FFF20056085A /* Info.plist */ = {isa = PBXFileReference; lastKnownFileType = text.plist.xml; path = Info.plist; sourceTree = "<group>"; };
		0F0AAB9F2052FFF20056085A /* main.m */ = {isa = PBXFileReference; lastKnownFileType = sourcecode.c.objc; path = main.m; sourceTree = "<group>"; };
		0F0FD3012090A04200DF9C4C /* icon.png */ = {isa = PBXFileReference; lastKnownFileType = image.png; path = icon.png; sourceTree = "<group>"; };
		0F0FD3022090A04200DF9C4C /* AppIcon.sh */ = {isa = PBXFileReference; fileEncoding = 4; lastKnownFileType = text.script.sh; path = AppIcon.sh; sourceTree = "<group>"; };
		0F0FD3052090A05200DF9C4C /* AppLaunch.sh */ = {isa = PBXFileReference; fileEncoding = 4; lastKnownFileType = text.script.sh; path = AppLaunch.sh; sourceTree = "<group>"; };
		0F0FD3062090A05200DF9C4C /* default.png */ = {isa = PBXFileReference; lastKnownFileType = image.png; path = default.png; sourceTree = "<group>"; };
/* End PBXFileReference section */

/* Begin PBXFrameworksBuildPhase section */
		0F0AAB8D2052FFF20056085A /* Frameworks */ = {
			isa = PBXFrameworksBuildPhase;
			buildActionMask = 2147483647;
			files = (
			);
			runOnlyForDeploymentPostprocessing = 0;
		};
/* End PBXFrameworksBuildPhase section */

/* Begin PBXGroup section */
		0F052EF420542B4D003A4B16 /* Other */ = {
			isa = PBXGroup;
			children = (
				0F0AAB992052FFF20056085A /* Assets.xcassets */,
				0F0AAB9E2052FFF20056085A /* Info.plist */,
				0F0AAB9F2052FFF20056085A /* main.m */,
			);
			path = Other;
			sourceTree = "<group>";
		};
		0F0AAB872052FFF20056085A = {
			isa = PBXGroup;
			children = (
				0F0AAB922052FFF20056085A /* LCAssetsTool */,
				0F0AAB912052FFF20056085A /* Products */,
			);
			sourceTree = "<group>";
		};
		0F0AAB912052FFF20056085A /* Products */ = {
			isa = PBXGroup;
			children = (
				0F0AAB902052FFF20056085A /* LCAssetsTool.app */,
			);
			name = Products;
			sourceTree = "<group>";
		};
		0F0AAB922052FFF20056085A /* LCAssetsTool */ = {
			isa = PBXGroup;
			children = (
				0F052F2620556B60003A4B16 /* LCAssetsTool.entitlements */,
				0F0AAB932052FFF20056085A /* AppDelegate.h */,
				0F0AAB942052FFF20056085A /* AppDelegate.m */,
				0F0AAB962052FFF20056085A /* ViewController.h */,
				0F0AAB972052FFF20056085A /* ViewController.m */,
				0F052EF120542B42003A4B16 /* DealView.h */,
				0F052EF220542B42003A4B16 /* DealView.m */,
				0F052F24205436D4003A4B16 /* cartool */,
				0F0AAB9B2052FFF20056085A /* Main.storyboard */,
				0F0FD30020909FD300DF9C4C /* CreateImg_LaunchImage_AppIcon */,
				0F052EF420542B4D003A4B16 /* Other */,
			);
			path = LCAssetsTool;
			sourceTree = "<group>";
		};
		0F0FD30020909FD300DF9C4C /* CreateImg_LaunchImage_AppIcon */ = {
			isa = PBXGroup;
			children = (
				0F0FD3022090A04200DF9C4C /* AppIcon.sh */,
				0F0FD3012090A04200DF9C4C /* icon.png */,
				0F0FD3052090A05200DF9C4C /* AppLaunch.sh */,
				0F0FD3062090A05200DF9C4C /* default.png */,
			);
			path = CreateImg_LaunchImage_AppIcon;
			sourceTree = "<group>";
		};
/* End PBXGroup section */

/* Begin PBXNativeTarget section */
		0F0AAB8F2052FFF20056085A /* LCAssetsTool */ = {
			isa = PBXNativeTarget;
			buildConfigurationList = 0F0AABA42052FFF20056085A /* Build configuration list for PBXNativeTarget "LCAssetsTool" */;
			buildPhases = (
				0F0AAB8C2052FFF20056085A /* Sources */,
				0F0AAB8D2052FFF20056085A /* Frameworks */,
				0F0AAB8E2052FFF20056085A /* Resources */,
			);
			buildRules = (
			);
			dependencies = (
			);
			name = LCAssetsTool;
			productName = LCAssetsTool;
			productReference = 0F0AAB902052FFF20056085A /* LCAssetsTool.app */;
			productType = "com.apple.product-type.application";
		};
/* End PBXNativeTarget section */

/* Begin PBXProject section */
		0F0AAB882052FFF20056085A /* Project object */ = {
			isa = PBXProject;
			attributes = {
				LastUpgradeCheck = 0920;
				ORGANIZATIONNAME = "林川";
				TargetAttributes = {
					0F0AAB8F2052FFF20056085A = {
						CreatedOnToolsVersion = 9.2;
						ProvisioningStyle = Automatic;
						SystemCapabilities = {
							com.apple.Sandbox = {
								enabled = 0;
							};
						};
					};
				};
			};
			buildConfigurationList = 0F0AAB8B2052FFF20056085A /* Build configuration list for PBXProject "LCAssetsTool" */;
			compatibilityVersion = "Xcode 8.0";
			developmentRegion = en;
			hasScannedForEncodings = 0;
			knownRegions = (
				en,
				Base,
			);
			mainGroup = 0F0AAB872052FFF20056085A;
			productRefGroup = 0F0AAB912052FFF20056085A /* Products */;
			projectDirPath = "";
			projectRoot = "";
			targets = (
				0F0AAB8F2052FFF20056085A /* LCAssetsTool */,
			);
		};
/* End PBXProject section */

/* Begin PBXResourcesBuildPhase section */
		0F0AAB8E2052FFF20056085A /* Resources */ = {
			isa = PBXResourcesBuildPhase;
			buildActionMask = 2147483647;
			files = (
				0F0FD3032090A04200DF9C4C /* icon.png in Resources */,
				0F0FD3072090A05200DF9C4C /* AppLaunch.sh in Resources */,
				0F0FD3082090A05200DF9C4C /* default.png in Resources */,
				0F052F25205436D4003A4B16 /* cartool in Resources */,
				0F0FD3042090A04200DF9C4C /* AppIcon.sh in Resources */,
				0F0AAB9A2052FFF20056085A /* Assets.xcassets in Resources */,
				0F0AAB9D2052FFF20056085A /* Main.storyboard in Resources */,
			);
			runOnlyForDeploymentPostprocessing = 0;
		};
/* End PBXResourcesBuildPhase section */

/* Begin PBXSourcesBuildPhase section */
		0F0AAB8C2052FFF20056085A /* Sources */ = {
			isa = PBXSourcesBuildPhase;
			buildActionMask = 2147483647;
			files = (
				0F0AAB982052FFF20056085A /* ViewController.m in Sources */,
				0F0AABA02052FFF20056085A /* main.m in Sources */,
				0F052EF320542B42003A4B16 /* DealView.m in Sources */,
				0F0AAB952052FFF20056085A /* AppDelegate.m in Sources */,
			);
			runOnlyForDeploymentPostprocessing = 0;
		};
/* End PBXSourcesBuildPhase section */

/* Begin PBXVariantGroup section */
		0F0AAB9B2052FFF20056085A /* Main.storyboard */ = {
			isa = PBXVariantGroup;
			children = (
				0F0AAB9C2052FFF20056085A /* Base */,
			);
			name = Main.storyboard;
			sourceTree = "<group>";
		};
/* End PBXVariantGroup section */

/* Begin XCBuildConfiguration section */
		0F0AABA22052FFF20056085A /* Debug */ = {
			isa = XCBuildConfiguration;
			buildSettings = {
				ALWAYS_SEARCH_USER_PATHS = NO;
				CLANG_ANALYZER_NONNULL = YES;
				CLANG_ANALYZER_NUMBER_OBJECT_CONVERSION = YES_AGGRESSIVE;
				CLANG_CXX_LANGUAGE_STANDARD = "gnu++14";
				CLANG_CXX_LIBRARY = "libc++";
				CLANG_ENABLE_MODULES = YES;
				CLANG_ENABLE_OBJC_ARC = YES;
				CLANG_WARN_BLOCK_CAPTURE_AUTORELEASING = YES;
				CLANG_WARN_BOOL_CONVERSION = YES;
				CLANG_WARN_COMMA = YES;
				CLANG_WARN_CONSTANT_CONVERSION = YES;
				CLANG_WARN_DIRECT_OBJC_ISA_USAGE = YES_ERROR;
				CLANG_WARN_DOCUMENTATION_COMMENTS = YES;
				CLANG_WARN_EMPTY_BODY = YES;
				CLANG_WARN_ENUM_CONVERSION = YES;
				CLANG_WARN_INFINITE_RECURSION = YES;
				CLANG_WARN_INT_CONVERSION = YES;
				CLANG_WARN_NON_LITERAL_NULL_CONVERSION = YES;
				CLANG_WARN_OBJC_LITERAL_CONVERSION = YES;
				CLANG_WARN_OBJC_ROOT_CLASS = YES_ERROR;
				CLANG_WARN_RANGE_LOOP_ANALYSIS = YES;
				CLANG_WARN_STRICT_PROTOTYPES = YES;
				CLANG_WARN_SUSPICIOUS_MOVE = YES;
				CLANG_WARN_UNGUARDED_AVAILABILITY = YES_AGGRESSIVE;
				CLANG_WARN_UNREACHABLE_CODE = YES;
				CLANG_WARN__DUPLICATE_METHOD_MATCH = YES;
				CODE_SIGN_IDENTITY = "Mac Developer";
				COPY_PHASE_STRIP = NO;
				DEBUG_INFORMATION_FORMAT = dwarf;
				ENABLE_STRICT_OBJC_MSGSEND = YES;
				ENABLE_TESTABILITY = YES;
				GCC_C_LANGUAGE_STANDARD = gnu11;
				GCC_DYNAMIC_NO_PIC = NO;
				GCC_NO_COMMON_BLOCKS = YES;
				GCC_OPTIMIZATION_LEVEL = 0;
				GCC_PREPROCESSOR_DEFINITIONS = (
					"DEBUG=1",
					"$(inherited)",
				);
				GCC_WARN_64_TO_32_BIT_CONVERSION = YES;
				GCC_WARN_ABOUT_RETURN_TYPE = YES_ERROR;
				GCC_WARN_UNDECLARED_SELECTOR = YES;
				GCC_WARN_UNINITIALIZED_AUTOS = YES_AGGRESSIVE;
				GCC_WARN_UNUSED_FUNCTION = YES;
				GCC_WARN_UNUSED_VARIABLE = YES;
				MACOSX_DEPLOYMENT_TARGET = 10.12;
				MTL_ENABLE_DEBUG_INFO = YES;
				ONLY_ACTIVE_ARCH = YES;
				SDKROOT = macosx;
			};
			name = Debug;
		};
		0F0AABA32052FFF20056085A /* Release */ = {
			isa = XCBuildConfiguration;
			buildSettings = {
				ALWAYS_SEARCH_USER_PATHS = NO;
				CLANG_ANALYZER_NONNULL = YES;
				CLANG_ANALYZER_NUMBER_OBJECT_CONVERSION = YES_AGGRESSIVE;
				CLANG_CXX_LANGUAGE_STANDARD = "gnu++14";
				CLANG_CXX_LIBRARY = "libc++";
				CLANG_ENABLE_MODULES = YES;
				CLANG_ENABLE_OBJC_ARC = YES;
				CLANG_WARN_BLOCK_CAPTURE_AUTORELEASING = YES;
				CLANG_WARN_BOOL_CONVERSION = YES;
				CLANG_WARN_COMMA = YES;
				CLANG_WARN_CONSTANT_CONVERSION = YES;
				CLANG_WARN_DIRECT_OBJC_ISA_USAGE = YES_ERROR;
				CLANG_WARN_DOCUMENTATION_COMMENTS = YES;
				CLANG_WARN_EMPTY_BODY = YES;
				CLANG_WARN_ENUM_CONVERSION = YES;
				CLANG_WARN_INFINITE_RECURSION = YES;
				CLANG_WARN_INT_CONVERSION = YES;
				CLANG_WARN_NON_LITERAL_NULL_CONVERSION = YES;
				CLANG_WARN_OBJC_LITERAL_CONVERSION = YES;
				CLANG_WARN_OBJC_ROOT_CLASS = YES_ERROR;
				CLANG_WARN_RANGE_LOOP_ANALYSIS = YES;
				CLANG_WARN_STRICT_PROTOTYPES = YES;
				CLANG_WARN_SUSPICIOUS_MOVE = YES;
				CLANG_WARN_UNGUARDED_AVAILABILITY = YES_AGGRESSIVE;
				CLANG_WARN_UNREACHABLE_CODE = YES;
				CLANG_WARN__DUPLICATE_METHOD_MATCH = YES;
				CODE_SIGN_IDENTITY = "Mac Developer";
				COPY_PHASE_STRIP = NO;
				DEBUG_INFORMATION_FORMAT = "dwarf-with-dsym";
				ENABLE_NS_ASSERTIONS = NO;
				ENABLE_STRICT_OBJC_MSGSEND = YES;
				GCC_C_LANGUAGE_STANDARD = gnu11;
				GCC_NO_COMMON_BLOCKS = YES;
				GCC_WARN_64_TO_32_BIT_CONVERSION = YES;
				GCC_WARN_ABOUT_RETURN_TYPE = YES_ERROR;
				GCC_WARN_UNDECLARED_SELECTOR = YES;
				GCC_WARN_UNINITIALIZED_AUTOS = YES_AGGRESSIVE;
				GCC_WARN_UNUSED_FUNCTION = YES;
				GCC_WARN_UNUSED_VARIABLE = YES;
				MACOSX_DEPLOYMENT_TARGET = 10.12;
				MTL_ENABLE_DEBUG_INFO = NO;
				SDKROOT = macosx;
			};
			name = Release;
		};
		0F0AABA52052FFF20056085A /* Debug */ = {
			isa = XCBuildConfiguration;
			buildSettings = {
				ASSETCATALOG_COMPILER_APPICON_NAME = AppIcon;
				CODE_SIGN_STYLE = Automatic;
				COMBINE_HIDPI_IMAGES = YES;
				DEVELOPMENT_TEAM = QBNT7R8ZWH;
				INFOPLIST_FILE = "$(SRCROOT)/LCAssetsTool/Other/Info.plist";
				LD_RUNPATH_SEARCH_PATHS = "$(inherited) @executable_path/../Frameworks";
				MACOSX_DEPLOYMENT_TARGET = 10.12;
				PRODUCT_BUNDLE_IDENTIFIER = ll.LCAssetsTool;
				PRODUCT_NAME = "$(TARGET_NAME)";
			};
			name = Debug;
		};
		0F0AABA62052FFF20056085A /* Release */ = {
			isa = XCBuildConfiguration;
			buildSettings = {
				ASSETCATALOG_COMPILER_APPICON_NAME = AppIcon;
				CODE_SIGN_STYLE = Automatic;
				COMBINE_HIDPI_IMAGES = YES;
				DEVELOPMENT_TEAM = QBNT7R8ZWH;
				INFOPLIST_FILE = "$(SRCROOT)/LCAssetsTool/Other/Info.plist";
				LD_RUNPATH_SEARCH_PATHS = "$(inherited) @executable_path/../Frameworks";
				MACOSX_DEPLOYMENT_TARGET = 10.12;
				PRODUCT_BUNDLE_IDENTIFIER = ll.LCAssetsTool;
				PRODUCT_NAME = "$(TARGET_NAME)";
			};
			name = Release;
		};
/* End XCBuildConfiguration section */

/* Begin XCConfigurationList section */
		0F0AAB8B2052FFF20056085A /* Build configuration list for PBXProject "LCAssetsTool" */ = {
			isa = XCConfigurationList;
			buildConfigurations = (
				0F0AABA22052FFF20056085A /* Debug */,
				0F0AABA32052FFF20056085A /* Release */,
			);
			defaultConfigurationIsVisible = 0;
			defaultConfigurationName = Release;
		};
		0F0AABA42052FFF20056085A /* Build configuration list for PBXNativeTarget "LCAssetsTool" */ = {
			isa = XCConfigurationList;
			buildConfigurations = (
				0F0AABA52052FFF20056085A /* Debug */,
				0F0AABA62052FFF20056085A /* Release */,
			);
			defaultConfigurationIsVisible = 0;
			defaultConfigurationName = Release;
		};
/* End XCConfigurationList section */
	};
	rootObject = 0F0AAB882052FFF20056085A /* Project object */;
}
